
Microsoft Visual Studio Solution File, Format Version 12.00
# Visual Studio Version 17
VisualStudioVersion = 17.5.33530.505
MinimumVisualStudioVersion = 10.0.40219.1
Project("{FAE04EC0-301F-11D3-BF4B-00C04F79EFBC}") = "Diagram", "Diagram\Diagram.csproj", "{4EE1FAF2-7844-48A5-9A4A-5DFE269E72E0}"
EndProject
Project("{FAE04EC0-301F-11D3-BF4B-00C04F79EFBC}") = "Entity", "Entity\Entity.csproj", "{3DE41067-7750-47D9-B338-863A51365ADE}"
EndProject
Project("{9A19103F-16F7-4668-BE54-9A1E7A4F7556}") = "Data", "Data\Data.csproj", "{1DFF11D8-A192-4E3B-8C4C-7B03936D9FB4}"
EndProject
Project("{FAE04EC0-301F-11D3-BF4B-00C04F79EFBC}") = "Utilities", "Utilities\Utilities.csproj", "{870396F4-C2E6-4EA8-8718-4D9A4E09DD09}"
EndProject
Project("{FAE04EC0-301F-11D3-BF4B-00C04F79EFBC}") = "Bussines", "Bussines\Bussines.csproj", "{023AF753-31AF-484C-B519-9D54507204B1}"
EndProject
Global
	GlobalSection(SolutionConfigurationPlatforms) = preSolution
		Debug|Any CPU = Debug|Any CPU
		Release|Any CPU = Release|Any CPU
	EndGlobalSection
	GlobalSection(ProjectConfigurationPlatforms) = postSolution
		{4EE1FAF2-7844-48A5-9A4A-5DFE269E72E0}.Debug|Any CPU.ActiveCfg = Debug|Any CPU
		{4EE1FAF2-7844-48A5-9A4A-5DFE269E72E0}.Debug|Any CPU.Build.0 = Debug|Any CPU
		{4EE1FAF2-7844-48A5-9A4A-5DFE269E72E0}.Release|Any CPU.ActiveCfg = Release|Any CPU
		{4EE1FAF2-7844-48A5-9A4A-5DFE269E72E0}.Release|Any CPU.Build.0 = Release|Any CPU
		{3DE41067-7750-47D9-B338-863A51365ADE}.Debug|Any CPU.ActiveCfg = Debug|Any CPU
		{3DE41067-7750-47D9-B338-863A51365ADE}.Debug|Any CPU.Build.0 = Debug|Any CPU
		{3DE41067-7750-47D9-B338-863A51365ADE}.Release|Any CPU.ActiveCfg = Release|Any CPU
		{3DE41067-7750-47D9-B338-863A51365ADE}.Release|Any CPU.Build.0 = Release|Any CPU
		{1DFF11D8-A192-4E3B-8C4C-7B03936D9FB4}.Debug|Any CPU.ActiveCfg = Debug|Any CPU
		{1DFF11D8-A192-4E3B-8C4C-7B03936D9FB4}.Debug|Any CPU.Build.0 = Debug|Any CPU
		{1DFF11D8-A192-4E3B-8C4C-7B03936D9FB4}.Release|Any CPU.ActiveCfg = Release|Any CPU
		{1DFF11D8-A192-4E3B-8C4C-7B03936D9FB4}.Release|Any CPU.Build.0 = Release|Any CPU
		{870396F4-C2E6-4EA8-8718-4D9A4E09DD09}.Debug|Any CPU.ActiveCfg = Debug|Any CPU
		{870396F4-C2E6-4EA8-8718-4D9A4E09DD09}.Debug|Any CPU.Build.0 = Debug|Any CPU
		{870396F4-C2E6-4EA8-8718-4D9A4E09DD09}.Release|Any CPU.ActiveCfg = Release|Any CPU
		{870396F4-C2E6-4EA8-8718-4D9A4E09DD09}.Release|Any CPU.Build.0 = Release|Any CPU
		{023AF753-31AF-484C-B519-9D54507204B1}.Debug|Any CPU.ActiveCfg = Debug|Any CPU
		{023AF753-31AF-484C-B519-9D54507204B1}.Debug|Any CPU.Build.0 = Debug|Any CPU
		{023AF753-31AF-484C-B519-9D54507204B1}.Release|Any CPU.ActiveCfg = Release|Any CPU
		{023AF753-31AF-484C-B519-9D54507204B1}.Release|Any CPU.Build.0 = Release|Any CPU
	EndGlobalSection
	GlobalSection(SolutionProperties) = preSolution
		HideSolutionNode = FALSE
	EndGlobalSection
	GlobalSection(ExtensibilityGlobals) = postSolution
		SolutionGuid = {6395527A-AE17-447E-94A1-7ECF1DDC86F2}
	EndGlobalSection
EndGlobal
